{
  "name": "@tanyaisinmybed/effector-undo",
  "version": "1.0.0-alpha.2",
  "lockfileVersion": 1,
  "requires": true,
  "dependencies": {
    "effector": {
      "version": "0.18.4",
      "resolved": "https://registry.npmjs.org/effector/-/effector-0.18.4.tgz",
      "integrity": "sha512-1qtzrDKNPvYrOkUS2D1t3h5qgErZQdBZqT6feU1TkyjHm/nY2sH5HVOeSQYRvN0883VCDL39zE1g9fcyDIVq0Q==",
      "dev": true,
      "requires": {
        "symbol-observable": "^1.2.0"
      }
    },
    "symbol-observable": {
      "version": "1.2.0",
      "resolved": "https://registry.npmjs.org/symbol-observable/-/symbol-observable-1.2.0.tgz",
      "integrity": "sha512-e900nM8RRtGhlV36KGEU9k65K3mPb1WV70OdjfxlG2EAuM1noi/E/BaW/uMhL7bPEssK8QV57vN3esixjUvcXQ==",
      "dev": true
    }
  }
}
